
Microsoft Visual Studio Solution File, Format Version 12.00
# Visual Studio 15
VisualStudioVersion = 15.0.28307.136
MinimumVisualStudioVersion = 10.0.40219.1
Project("{8BC9CEB8-8B4A-11D0-8D11-00A0C91BC942}") = "TemplatedLinkedList", "TemplatedLinkedList\TemplatedLinkedList.vcxproj", "{0D2854AE-629B-4651-9D1D-17251D62AE38}"
EndProject
Project("{8BC9CEB8-8B4A-11D0-8D11-00A0C91BC942}") = "UnitTest1", "UnitTest1\UnitTest1.vcxproj", "{CC2E9225-E594-4EB4-A05A-0921230730B7}"
EndProject
Project("{8BC9CEB8-8B4A-11D0-8D11-00A0C91BC942}") = "Map", "Map\Map.vcxproj", "{C3252083-B479-405D-87C7-3CE838FFA2FB}"
EndProject
Project("{8BC9CEB8-8B4A-11D0-8D11-00A0C91BC942}") = "UnitTest2", "UnitTest2\UnitTest2.vcxproj", "{8EFE362C-E7C4-4D15-B677-8838A11119A2}"
EndProject
Global
	GlobalSection(SolutionConfigurationPlatforms) = preSolution
		Debug|x64 = Debug|x64
		Debug|x86 = Debug|x86
		Release|x64 = Release|x64
		Release|x86 = Release|x86
	EndGlobalSection
	GlobalSection(ProjectConfigurationPlatforms) = postSolution
		{0D2854AE-629B-4651-9D1D-17251D62AE38}.Debug|x64.ActiveCfg = Debug|x64
		{0D2854AE-629B-4651-9D1D-17251D62AE38}.Debug|x64.Build.0 = Debug|x64
		{0D2854AE-629B-4651-9D1D-17251D62AE38}.Debug|x86.ActiveCfg = Debug|Win32
		{0D2854AE-629B-4651-9D1D-17251D62AE38}.Debug|x86.Build.0 = Debug|Win32
		{0D2854AE-629B-4651-9D1D-17251D62AE38}.Release|x64.ActiveCfg = Release|x64
		{0D2854AE-629B-4651-9D1D-17251D62AE38}.Release|x64.Build.0 = Release|x64
		{0D2854AE-629B-4651-9D1D-17251D62AE38}.Release|x86.ActiveCfg = Release|Win32
		{0D2854AE-629B-4651-9D1D-17251D62AE38}.Release|x86.Build.0 = Release|Win32
		{CC2E9225-E594-4EB4-A05A-0921230730B7}.Debug|x64.ActiveCfg = Debug|x64
		{CC2E9225-E594-4EB4-A05A-0921230730B7}.Debug|x64.Build.0 = Debug|x64
		{CC2E9225-E594-4EB4-A05A-0921230730B7}.Debug|x86.ActiveCfg = Debug|Win32
		{CC2E9225-E594-4EB4-A05A-0921230730B7}.Debug|x86.Build.0 = Debug|Win32
		{CC2E9225-E594-4EB4-A05A-0921230730B7}.Release|x64.ActiveCfg = Release|x64
		{CC2E9225-E594-4EB4-A05A-0921230730B7}.Release|x64.Build.0 = Release|x64
		{CC2E9225-E594-4EB4-A05A-0921230730B7}.Release|x86.ActiveCfg = Release|Win32
		{CC2E9225-E594-4EB4-A05A-0921230730B7}.Release|x86.Build.0 = Release|Win32
		{C3252083-B479-405D-87C7-3CE838FFA2FB}.Debug|x64.ActiveCfg = Debug|x64
		{C3252083-B479-405D-87C7-3CE838FFA2FB}.Debug|x64.Build.0 = Debug|x64
		{C3252083-B479-405D-87C7-3CE838FFA2FB}.Debug|x86.ActiveCfg = Debug|Win32
		{C3252083-B479-405D-87C7-3CE838FFA2FB}.Debug|x86.Build.0 = Debug|Win32
		{C3252083-B479-405D-87C7-3CE838FFA2FB}.Release|x64.ActiveCfg = Release|x64
		{C3252083-B479-405D-87C7-3CE838FFA2FB}.Release|x64.Build.0 = Release|x64
		{C3252083-B479-405D-87C7-3CE838FFA2FB}.Release|x86.ActiveCfg = Release|Win32
		{C3252083-B479-405D-87C7-3CE838FFA2FB}.Release|x86.Build.0 = Release|Win32
		{8EFE362C-E7C4-4D15-B677-8838A11119A2}.Debug|x64.ActiveCfg = Debug|x64
		{8EFE362C-E7C4-4D15-B677-8838A11119A2}.Debug|x64.Build.0 = Debug|x64
		{8EFE362C-E7C4-4D15-B677-8838A11119A2}.Debug|x86.ActiveCfg = Debug|Win32
		{8EFE362C-E7C4-4D15-B677-8838A11119A2}.Debug|x86.Build.0 = Debug|Win32
		{8EFE362C-E7C4-4D15-B677-8838A11119A2}.Release|x64.ActiveCfg = Release|x64
		{8EFE362C-E7C4-4D15-B677-8838A11119A2}.Release|x64.Build.0 = Release|x64
		{8EFE362C-E7C4-4D15-B677-8838A11119A2}.Release|x86.ActiveCfg = Release|Win32
		{8EFE362C-E7C4-4D15-B677-8838A11119A2}.Release|x86.Build.0 = Release|Win32
	EndGlobalSection
	GlobalSection(SolutionProperties) = preSolution
		HideSolutionNode = FALSE
	EndGlobalSection
	GlobalSection(ExtensibilityGlobals) = postSolution
		SolutionGuid = {CC34CA47-0484-4657-83E8-CA1D60075581}
	EndGlobalSection
EndGlobal
