
Microsoft Visual Studio Solution File, Format Version 12.00
# Visual Studio 15
VisualStudioVersion = 15.0.28307.136
MinimumVisualStudioVersion = 10.0.40219.1
Project("{8BC9CEB8-8B4A-11D0-8D11-00A0C91BC942}") = "TemplatedLinkedList", "TemplatedLinkedList\TemplatedLinkedList.vcxproj", "{0D2854AE-629B-4651-9D1D-17251D62AE38}"
EndProject
Project("{8BC9CEB8-8B4A-11D0-8D11-00A0C91BC942}") = "Map", "Map\Map.vcxproj", "{C3252083-B479-405D-87C7-3CE838FFA2FB}"
EndProject
Project("{8BC9CEB8-8B4A-11D0-8D11-00A0C91BC942}") = "UnitTest2", "UnitTest2\UnitTest2.vcxproj", "{6B354F56-64EA-4D2F-A3FF-66B2A8A5B1E5}"
EndProject
Project("{8BC9CEB8-8B4A-11D0-8D11-00A0C91BC942}") = "ShennonFano", "ShennonFano\ShennonFano.vcxproj", "{78F49024-D91A-4D35-82DE-4E796FCEDFDF}"
EndProject
Project("{8BC9CEB8-8B4A-11D0-8D11-00A0C91BC942}") = "FloydWarshall", "FloydWarshall\FloydWarshall.vcxproj", "{1269391A-F051-4D50-9E22-B55237DADA5D}"
EndProject
Project("{8BC9CEB8-8B4A-11D0-8D11-00A0C91BC942}") = "UnitTest4", "UnitTest4\UnitTest4.vcxproj", "{CA8294A4-3770-4841-8CFC-A50F37289F72}"
EndProject
Project("{8BC9CEB8-8B4A-11D0-8D11-00A0C91BC942}") = "CourseWork", "CourseWork\CourseWork.vcxproj", "{8FDF14B0-3B1E-48BA-9EA4-2D8F7048F7A4}"
EndProject
Project("{8BC9CEB8-8B4A-11D0-8D11-00A0C91BC942}") = "UnitTest5", "UnitTest5\UnitTest5.vcxproj", "{BF22E0E3-74CF-4D86-99DC-C6503D62B4E1}"
EndProject
Global
	GlobalSection(SolutionConfigurationPlatforms) = preSolution
		Debug|x64 = Debug|x64
		Debug|x86 = Debug|x86
		Release|x64 = Release|x64
		Release|x86 = Release|x86
	EndGlobalSection
	GlobalSection(ProjectConfigurationPlatforms) = postSolution
		{0D2854AE-629B-4651-9D1D-17251D62AE38}.Debug|x64.ActiveCfg = Debug|x64
		{0D2854AE-629B-4651-9D1D-17251D62AE38}.Debug|x64.Build.0 = Debug|x64
		{0D2854AE-629B-4651-9D1D-17251D62AE38}.Debug|x86.ActiveCfg = Debug|Win32
		{0D2854AE-629B-4651-9D1D-17251D62AE38}.Debug|x86.Build.0 = Debug|Win32
		{0D2854AE-629B-4651-9D1D-17251D62AE38}.Release|x64.ActiveCfg = Release|x64
		{0D2854AE-629B-4651-9D1D-17251D62AE38}.Release|x64.Build.0 = Release|x64
		{0D2854AE-629B-4651-9D1D-17251D62AE38}.Release|x86.ActiveCfg = Release|Win32
		{0D2854AE-629B-4651-9D1D-17251D62AE38}.Release|x86.Build.0 = Release|Win32
		{C3252083-B479-405D-87C7-3CE838FFA2FB}.Debug|x64.ActiveCfg = Debug|x64
		{C3252083-B479-405D-87C7-3CE838FFA2FB}.Debug|x64.Build.0 = Debug|x64
		{C3252083-B479-405D-87C7-3CE838FFA2FB}.Debug|x86.ActiveCfg = Debug|Win32
		{C3252083-B479-405D-87C7-3CE838FFA2FB}.Debug|x86.Build.0 = Debug|Win32
		{C3252083-B479-405D-87C7-3CE838FFA2FB}.Release|x64.ActiveCfg = Release|x64
		{C3252083-B479-405D-87C7-3CE838FFA2FB}.Release|x64.Build.0 = Release|x64
		{C3252083-B479-405D-87C7-3CE838FFA2FB}.Release|x86.ActiveCfg = Release|Win32
		{C3252083-B479-405D-87C7-3CE838FFA2FB}.Release|x86.Build.0 = Release|Win32
		{6B354F56-64EA-4D2F-A3FF-66B2A8A5B1E5}.Debug|x64.ActiveCfg = Debug|x64
		{6B354F56-64EA-4D2F-A3FF-66B2A8A5B1E5}.Debug|x64.Build.0 = Debug|x64
		{6B354F56-64EA-4D2F-A3FF-66B2A8A5B1E5}.Debug|x86.ActiveCfg = Debug|Win32
		{6B354F56-64EA-4D2F-A3FF-66B2A8A5B1E5}.Debug|x86.Build.0 = Debug|Win32
		{6B354F56-64EA-4D2F-A3FF-66B2A8A5B1E5}.Release|x64.ActiveCfg = Release|x64
		{6B354F56-64EA-4D2F-A3FF-66B2A8A5B1E5}.Release|x64.Build.0 = Release|x64
		{6B354F56-64EA-4D2F-A3FF-66B2A8A5B1E5}.Release|x86.ActiveCfg = Release|Win32
		{6B354F56-64EA-4D2F-A3FF-66B2A8A5B1E5}.Release|x86.Build.0 = Release|Win32
		{78F49024-D91A-4D35-82DE-4E796FCEDFDF}.Debug|x64.ActiveCfg = Debug|x64
		{78F49024-D91A-4D35-82DE-4E796FCEDFDF}.Debug|x64.Build.0 = Debug|x64
		{78F49024-D91A-4D35-82DE-4E796FCEDFDF}.Debug|x86.ActiveCfg = Debug|Win32
		{78F49024-D91A-4D35-82DE-4E796FCEDFDF}.Debug|x86.Build.0 = Debug|Win32
		{78F49024-D91A-4D35-82DE-4E796FCEDFDF}.Release|x64.ActiveCfg = Release|x64
		{78F49024-D91A-4D35-82DE-4E796FCEDFDF}.Release|x64.Build.0 = Release|x64
		{78F49024-D91A-4D35-82DE-4E796FCEDFDF}.Release|x86.ActiveCfg = Release|Win32
		{78F49024-D91A-4D35-82DE-4E796FCEDFDF}.Release|x86.Build.0 = Release|Win32
		{1269391A-F051-4D50-9E22-B55237DADA5D}.Debug|x64.ActiveCfg = Debug|x64
		{1269391A-F051-4D50-9E22-B55237DADA5D}.Debug|x64.Build.0 = Debug|x64
		{1269391A-F051-4D50-9E22-B55237DADA5D}.Debug|x86.ActiveCfg = Debug|Win32
		{1269391A-F051-4D50-9E22-B55237DADA5D}.Debug|x86.Build.0 = Debug|Win32
		{1269391A-F051-4D50-9E22-B55237DADA5D}.Release|x64.ActiveCfg = Release|x64
		{1269391A-F051-4D50-9E22-B55237DADA5D}.Release|x64.Build.0 = Release|x64
		{1269391A-F051-4D50-9E22-B55237DADA5D}.Release|x86.ActiveCfg = Release|Win32
		{1269391A-F051-4D50-9E22-B55237DADA5D}.Release|x86.Build.0 = Release|Win32
		{CA8294A4-3770-4841-8CFC-A50F37289F72}.Debug|x64.ActiveCfg = Debug|x64
		{CA8294A4-3770-4841-8CFC-A50F37289F72}.Debug|x64.Build.0 = Debug|x64
		{CA8294A4-3770-4841-8CFC-A50F37289F72}.Debug|x86.ActiveCfg = Debug|Win32
		{CA8294A4-3770-4841-8CFC-A50F37289F72}.Debug|x86.Build.0 = Debug|Win32
		{CA8294A4-3770-4841-8CFC-A50F37289F72}.Release|x64.ActiveCfg = Release|x64
		{CA8294A4-3770-4841-8CFC-A50F37289F72}.Release|x64.Build.0 = Release|x64
		{CA8294A4-3770-4841-8CFC-A50F37289F72}.Release|x86.ActiveCfg = Release|Win32
		{CA8294A4-3770-4841-8CFC-A50F37289F72}.Release|x86.Build.0 = Release|Win32
		{8FDF14B0-3B1E-48BA-9EA4-2D8F7048F7A4}.Debug|x64.ActiveCfg = Debug|x64
		{8FDF14B0-3B1E-48BA-9EA4-2D8F7048F7A4}.Debug|x64.Build.0 = Debug|x64
		{8FDF14B0-3B1E-48BA-9EA4-2D8F7048F7A4}.Debug|x86.ActiveCfg = Debug|Win32
		{8FDF14B0-3B1E-48BA-9EA4-2D8F7048F7A4}.Debug|x86.Build.0 = Debug|Win32
		{8FDF14B0-3B1E-48BA-9EA4-2D8F7048F7A4}.Release|x64.ActiveCfg = Release|x64
		{8FDF14B0-3B1E-48BA-9EA4-2D8F7048F7A4}.Release|x64.Build.0 = Release|x64
		{8FDF14B0-3B1E-48BA-9EA4-2D8F7048F7A4}.Release|x86.ActiveCfg = Release|Win32
		{8FDF14B0-3B1E-48BA-9EA4-2D8F7048F7A4}.Release|x86.Build.0 = Release|Win32
		{BF22E0E3-74CF-4D86-99DC-C6503D62B4E1}.Debug|x64.ActiveCfg = Debug|x64
		{BF22E0E3-74CF-4D86-99DC-C6503D62B4E1}.Debug|x64.Build.0 = Debug|x64
		{BF22E0E3-74CF-4D86-99DC-C6503D62B4E1}.Debug|x86.ActiveCfg = Debug|Win32
		{BF22E0E3-74CF-4D86-99DC-C6503D62B4E1}.Debug|x86.Build.0 = Debug|Win32
		{BF22E0E3-74CF-4D86-99DC-C6503D62B4E1}.Release|x64.ActiveCfg = Release|x64
		{BF22E0E3-74CF-4D86-99DC-C6503D62B4E1}.Release|x64.Build.0 = Release|x64
		{BF22E0E3-74CF-4D86-99DC-C6503D62B4E1}.Release|x86.ActiveCfg = Release|Win32
		{BF22E0E3-74CF-4D86-99DC-C6503D62B4E1}.Release|x86.Build.0 = Release|Win32
	EndGlobalSection
	GlobalSection(SolutionProperties) = preSolution
		HideSolutionNode = FALSE
	EndGlobalSection
	GlobalSection(ExtensibilityGlobals) = postSolution
		SolutionGuid = {CC34CA47-0484-4657-83E8-CA1D60075581}
	EndGlobalSection
EndGlobal
